
Microsoft Visual Studio Solution File, Format Version 12.00
# Visual Studio 14
VisualStudioVersion = 14.0.23107.0
MinimumVisualStudioVersion = 10.0.40219.1
Project("{159641D6-6404-4A2A-AE62-294DE0FE8301}") = "Lab03 VJD", "Lab03 VJD\Lab03 VJD.dtproj", "{B07B80D4-914F-4D2F-8A4A-8EA601135557}"
EndProject
Global
	GlobalSection(SolutionConfigurationPlatforms) = preSolution
		Development|Default = Development|Default
	EndGlobalSection
	GlobalSection(ProjectConfigurationPlatforms) = postSolution
		{B07B80D4-914F-4D2F-8A4A-8EA601135557}.Development|Default.ActiveCfg = Development
		{B07B80D4-914F-4D2F-8A4A-8EA601135557}.Development|Default.Build.0 = Development
	EndGlobalSection
	GlobalSection(SolutionProperties) = preSolution
		HideSolutionNode = FALSE
	EndGlobalSection
EndGlobal
